// !$*UTF8*$!
{
	archiveVersion = 1;
	classes = {
	};
	objectVersion = 55;
	objects = {

/* Begin PBXBuildFile section */
		842753F5281921070084B73D /* SqlLogin.db in Resources */ = {isa = PBXBuildFile; fileRef = 842753F4281921070084B73D /* SqlLogin.db */; };
		8427540528192D130084B73D /* FMDatabaseQueue.m in Sources */ = {isa = PBXBuildFile; fileRef = 842753FC28192D120084B73D /* FMDatabaseQueue.m */; };
		8427540628192D130084B73D /* FMDatabase.m in Sources */ = {isa = PBXBuildFile; fileRef = 842753FD28192D120084B73D /* FMDatabase.m */; };
		8427540728192D130084B73D /* FMDatabaseAdditions.m in Sources */ = {isa = PBXBuildFile; fileRef = 842753FE28192D130084B73D /* FMDatabaseAdditions.m */; };
		8427540828192D130084B73D /* FMResultSet.m in Sources */ = {isa = PBXBuildFile; fileRef = 8427540128192D130084B73D /* FMResultSet.m */; };
		8427540928192D130084B73D /* FMDatabasePool.m in Sources */ = {isa = PBXBuildFile; fileRef = 8427540228192D130084B73D /* FMDatabasePool.m */; };
		8427540B281931110084B73D /* Util.swift in Sources */ = {isa = PBXBuildFile; fileRef = 8427540A281931110084B73D /* Util.swift */; };
		8427540D281BE85B0084B73D /* SQLoginModel.swift in Sources */ = {isa = PBXBuildFile; fileRef = 8427540C281BE85B0084B73D /* SQLoginModel.swift */; };
		8427540F281BE9040084B73D /* DataBaseManager.swift in Sources */ = {isa = PBXBuildFile; fileRef = 8427540E281BE9040084B73D /* DataBaseManager.swift */; };
		84A82EC02817D4F8009A78F8 /* AppDelegate.swift in Sources */ = {isa = PBXBuildFile; fileRef = 84A82EBF2817D4F8009A78F8 /* AppDelegate.swift */; };
		84A82EC22817D4F8009A78F8 /* SceneDelegate.swift in Sources */ = {isa = PBXBuildFile; fileRef = 84A82EC12817D4F8009A78F8 /* SceneDelegate.swift */; };
		84A82EC42817D4F8009A78F8 /* ViewController.swift in Sources */ = {isa = PBXBuildFile; fileRef = 84A82EC32817D4F8009A78F8 /* ViewController.swift */; };
		84A82EC72817D4F8009A78F8 /* Main.storyboard in Resources */ = {isa = PBXBuildFile; fileRef = 84A82EC52817D4F8009A78F8 /* Main.storyboard */; };
		84A82ECC2817D4FC009A78F8 /* Assets.xcassets in Resources */ = {isa = PBXBuildFile; fileRef = 84A82ECB2817D4FC009A78F8 /* Assets.xcassets */; };
		84A82ECF2817D4FC009A78F8 /* LaunchScreen.storyboard in Resources */ = {isa = PBXBuildFile; fileRef = 84A82ECD2817D4FC009A78F8 /* LaunchScreen.storyboard */; };
/* End PBXBuildFile section */

/* Begin PBXFileReference section */
		842753F4281921070084B73D /* SqlLogin.db */ = {isa = PBXFileReference; lastKnownFileType = file; path = SqlLogin.db; sourceTree = SOURCE_ROOT; };
		842753F828192D120084B73D /* SQLite-Bridging-Header.h */ = {isa = PBXFileReference; lastKnownFileType = sourcecode.c.h; path = "SQLite-Bridging-Header.h"; sourceTree = "<group>"; };
		842753F928192D120084B73D /* FMDatabaseAdditions.h */ = {isa = PBXFileReference; fileEncoding = 4; lastKnownFileType = sourcecode.c.h; path = FMDatabaseAdditions.h; sourceTree = "<group>"; };
		842753FA28192D120084B73D /* FMDatabase.h */ = {isa = PBXFileReference; fileEncoding = 4; lastKnownFileType = sourcecode.c.h; path = FMDatabase.h; sourceTree = "<group>"; };
		842753FB28192D120084B73D /* FMDatabaseQueue.h */ = {isa = PBXFileReference; fileEncoding = 4; lastKnownFileType = sourcecode.c.h; path = FMDatabaseQueue.h; sourceTree = "<group>"; };
		842753FC28192D120084B73D /* FMDatabaseQueue.m */ = {isa = PBXFileReference; fileEncoding = 4; lastKnownFileType = sourcecode.c.objc; path = FMDatabaseQueue.m; sourceTree = "<group>"; };
		842753FD28192D120084B73D /* FMDatabase.m */ = {isa = PBXFileReference; fileEncoding = 4; lastKnownFileType = sourcecode.c.objc; path = FMDatabase.m; sourceTree = "<group>"; };
		842753FE28192D130084B73D /* FMDatabaseAdditions.m */ = {isa = PBXFileReference; fileEncoding = 4; lastKnownFileType = sourcecode.c.objc; path = FMDatabaseAdditions.m; sourceTree = "<group>"; };
		842753FF28192D130084B73D /* FMDatabasePool.h */ = {isa = PBXFileReference; fileEncoding = 4; lastKnownFileType = sourcecode.c.h; path = FMDatabasePool.h; sourceTree = "<group>"; };
		8427540028192D130084B73D /* FMDB.h */ = {isa = PBXFileReference; fileEncoding = 4; lastKnownFileType = sourcecode.c.h; path = FMDB.h; sourceTree = "<group>"; };
		8427540128192D130084B73D /* FMResultSet.m */ = {isa = PBXFileReference; fileEncoding = 4; lastKnownFileType = sourcecode.c.objc; path = FMResultSet.m; sourceTree = "<group>"; };
		8427540228192D130084B73D /* FMDatabasePool.m */ = {isa = PBXFileReference; fileEncoding = 4; lastKnownFileType = sourcecode.c.objc; path = FMDatabasePool.m; sourceTree = "<group>"; };
		8427540328192D130084B73D /* FMResultSet.h */ = {isa = PBXFileReference; fileEncoding = 4; lastKnownFileType = sourcecode.c.h; path = FMResultSet.h; sourceTree = "<group>"; };
		8427540A281931110084B73D /* Util.swift */ = {isa = PBXFileReference; lastKnownFileType = sourcecode.swift; path = Util.swift; sourceTree = "<group>"; };
		8427540C281BE85B0084B73D /* SQLoginModel.swift */ = {isa = PBXFileReference; lastKnownFileType = sourcecode.swift; path = SQLoginModel.swift; sourceTree = "<group>"; };
		8427540E281BE9040084B73D /* DataBaseManager.swift */ = {isa = PBXFileReference; lastKnownFileType = sourcecode.swift; path = DataBaseManager.swift; sourceTree = "<group>"; };
		84A82EBC2817D4F8009A78F8 /* SQLite.app */ = {isa = PBXFileReference; explicitFileType = wrapper.application; includeInIndex = 0; path = SQLite.app; sourceTree = BUILT_PRODUCTS_DIR; };
		84A82EBF2817D4F8009A78F8 /* AppDelegate.swift */ = {isa = PBXFileReference; lastKnownFileType = sourcecode.swift; path = AppDelegate.swift; sourceTree = "<group>"; };
		84A82EC12817D4F8009A78F8 /* SceneDelegate.swift */ = {isa = PBXFileReference; lastKnownFileType = sourcecode.swift; path = SceneDelegate.swift; sourceTree = "<group>"; };
		84A82EC32817D4F8009A78F8 /* ViewController.swift */ = {isa = PBXFileReference; lastKnownFileType = sourcecode.swift; path = ViewController.swift; sourceTree = "<group>"; };
		84A82EC62817D4F8009A78F8 /* Base */ = {isa = PBXFileReference; lastKnownFileType = file.storyboard; name = Base; path = Base.lproj/Main.storyboard; sourceTree = "<group>"; };
		84A82ECB2817D4FC009A78F8 /* Assets.xcassets */ = {isa = PBXFileReference; lastKnownFileType = folder.assetcatalog; path = Assets.xcassets; sourceTree = "<group>"; };
		84A82ECE2817D4FC009A78F8 /* Base */ = {isa = PBXFileReference; lastKnownFileType = file.storyboard; name = Base; path = Base.lproj/LaunchScreen.storyboard; sourceTree = "<group>"; };
		84A82ED02817D4FC009A78F8 /* Info.plist */ = {isa = PBXFileReference; lastKnownFileType = text.plist.xml; path = Info.plist; sourceTree = "<group>"; };
/* End PBXFileReference section */

/* Begin PBXFrameworksBuildPhase section */
		84A82EB92817D4F8009A78F8 /* Frameworks */ = {
			isa = PBXFrameworksBuildPhase;
			buildActionMask = 2147483647;
			files = (
			);
			runOnlyForDeploymentPostprocessing = 0;
		};
/* End PBXFrameworksBuildPhase section */

/* Begin PBXGroup section */
		842753F7281923120084B73D /* FMDB */ = {
			isa = PBXGroup;
			children = (
				842753FA28192D120084B73D /* FMDatabase.h */,
				842753FD28192D120084B73D /* FMDatabase.m */,
				842753F928192D120084B73D /* FMDatabaseAdditions.h */,
				842753FE28192D130084B73D /* FMDatabaseAdditions.m */,
				842753FF28192D130084B73D /* FMDatabasePool.h */,
				8427540228192D130084B73D /* FMDatabasePool.m */,
				842753FB28192D120084B73D /* FMDatabaseQueue.h */,
				842753FC28192D120084B73D /* FMDatabaseQueue.m */,
				8427540028192D130084B73D /* FMDB.h */,
				8427540328192D130084B73D /* FMResultSet.h */,
				8427540128192D130084B73D /* FMResultSet.m */,
				842753F828192D120084B73D /* SQLite-Bridging-Header.h */,
			);
			path = FMDB;
			sourceTree = "<group>";
		};
		84A82EB32817D4F7009A78F8 = {
			isa = PBXGroup;
			children = (
				84A82EBE2817D4F8009A78F8 /* SQLite */,
				84A82EBD2817D4F8009A78F8 /* Products */,
			);
			sourceTree = "<group>";
		};
		84A82EBD2817D4F8009A78F8 /* Products */ = {
			isa = PBXGroup;
			children = (
				84A82EBC2817D4F8009A78F8 /* SQLite.app */,
			);
			name = Products;
			sourceTree = "<group>";
		};
		84A82EBE2817D4F8009A78F8 /* SQLite */ = {
			isa = PBXGroup;
			children = (
				842753F7281923120084B73D /* FMDB */,
				842753F4281921070084B73D /* SqlLogin.db */,
				84A82EBF2817D4F8009A78F8 /* AppDelegate.swift */,
				84A82EC12817D4F8009A78F8 /* SceneDelegate.swift */,
				84A82EC32817D4F8009A78F8 /* ViewController.swift */,
				8427540A281931110084B73D /* Util.swift */,
				8427540C281BE85B0084B73D /* SQLoginModel.swift */,
				8427540E281BE9040084B73D /* DataBaseManager.swift */,
				84A82EC52817D4F8009A78F8 /* Main.storyboard */,
				84A82ECB2817D4FC009A78F8 /* Assets.xcassets */,
				84A82ECD2817D4FC009A78F8 /* LaunchScreen.storyboard */,
				84A82ED02817D4FC009A78F8 /* Info.plist */,
			);
			path = SQLite;
			sourceTree = "<group>";
		};
/* End PBXGroup section */

/* Begin PBXNativeTarget section */
		84A82EBB2817D4F8009A78F8 /* SQLite */ = {
			isa = PBXNativeTarget;
			buildConfigurationList = 84A82ED32817D4FC009A78F8 /* Build configuration list for PBXNativeTarget "SQLite" */;
			buildPhases = (
				84A82EB82817D4F8009A78F8 /* Sources */,
				84A82EB92817D4F8009A78F8 /* Frameworks */,
				84A82EBA2817D4F8009A78F8 /* Resources */,
			);
			buildRules = (
			);
			dependencies = (
			);
			name = SQLite;
			productName = SQLite;
			productReference = 84A82EBC2817D4F8009A78F8 /* SQLite.app */;
			productType = "com.apple.product-type.application";
		};
/* End PBXNativeTarget section */

/* Begin PBXProject section */
		84A82EB42817D4F7009A78F8 /* Project object */ = {
			isa = PBXProject;
			attributes = {
				BuildIndependentTargetsInParallel = 1;
				LastSwiftUpdateCheck = 1330;
				LastUpgradeCheck = 1330;
				TargetAttributes = {
					84A82EBB2817D4F8009A78F8 = {
						CreatedOnToolsVersion = 13.3;
						LastSwiftMigration = 1330;
					};
				};
			};
			buildConfigurationList = 84A82EB72817D4F7009A78F8 /* Build configuration list for PBXProject "SQLite" */;
			compatibilityVersion = "Xcode 13.0";
			developmentRegion = en;
			hasScannedForEncodings = 0;
			knownRegions = (
				en,
				Base,
			);
			mainGroup = 84A82EB32817D4F7009A78F8;
			productRefGroup = 84A82EBD2817D4F8009A78F8 /* Products */;
			projectDirPath = "";
			projectRoot = "";
			targets = (
				84A82EBB2817D4F8009A78F8 /* SQLite */,
			);
		};
/* End PBXProject section */

/* Begin PBXResourcesBuildPhase section */
		84A82EBA2817D4F8009A78F8 /* Resources */ = {
			isa = PBXResourcesBuildPhase;
			buildActionMask = 2147483647;
			files = (
				842753F5281921070084B73D /* SqlLogin.db in Resources */,
				84A82ECF2817D4FC009A78F8 /* LaunchScreen.storyboard in Resources */,
				84A82ECC2817D4FC009A78F8 /* Assets.xcassets in Resources */,
				84A82EC72817D4F8009A78F8 /* Main.storyboard in Resources */,
			);
			runOnlyForDeploymentPostprocessing = 0;
		};
/* End PBXResourcesBuildPhase section */

/* Begin PBXSourcesBuildPhase section */
		84A82EB82817D4F8009A78F8 /* Sources */ = {
			isa = PBXSourcesBuildPhase;
			buildActionMask = 2147483647;
			files = (
				84A82EC42817D4F8009A78F8 /* ViewController.swift in Sources */,
				8427540D281BE85B0084B73D /* SQLoginModel.swift in Sources */,
				8427540B281931110084B73D /* Util.swift in Sources */,
				8427540528192D130084B73D /* FMDatabaseQueue.m in Sources */,
				8427540828192D130084B73D /* FMResultSet.m in Sources */,
				84A82EC02817D4F8009A78F8 /* AppDelegate.swift in Sources */,
				8427540628192D130084B73D /* FMDatabase.m in Sources */,
				8427540928192D130084B73D /* FMDatabasePool.m in Sources */,
				84A82EC22817D4F8009A78F8 /* SceneDelegate.swift in Sources */,
				8427540728192D130084B73D /* FMDatabaseAdditions.m in Sources */,
				8427540F281BE9040084B73D /* DataBaseManager.swift in Sources */,
			);
			runOnlyForDeploymentPostprocessing = 0;
		};
/* End PBXSourcesBuildPhase section */

/* Begin PBXVariantGroup section */
		84A82EC52817D4F8009A78F8 /* Main.storyboard */ = {
			isa = PBXVariantGroup;
			children = (
				84A82EC62817D4F8009A78F8 /* Base */,
			);
			name = Main.storyboard;
			sourceTree = "<group>";
		};
		84A82ECD2817D4FC009A78F8 /* LaunchScreen.storyboard */ = {
			isa = PBXVariantGroup;
			children = (
				84A82ECE2817D4FC009A78F8 /* Base */,
			);
			name = LaunchScreen.storyboard;
			sourceTree = "<group>";
		};
/* End PBXVariantGroup section */

/* Begin XCBuildConfiguration section */
		84A82ED12817D4FC009A78F8 /* Debug */ = {
			isa = XCBuildConfiguration;
			buildSettings = {
				ALWAYS_SEARCH_USER_PATHS = NO;
				CLANG_ANALYZER_NONNULL = YES;
				CLANG_ANALYZER_NUMBER_OBJECT_CONVERSION = YES_AGGRESSIVE;
				CLANG_CXX_LANGUAGE_STANDARD = "gnu++17";
				CLANG_ENABLE_MODULES = YES;
				CLANG_ENABLE_OBJC_ARC = YES;
				CLANG_ENABLE_OBJC_WEAK = YES;
				CLANG_WARN_BLOCK_CAPTURE_AUTORELEASING = YES;
				CLANG_WARN_BOOL_CONVERSION = YES;
				CLANG_WARN_COMMA = YES;
				CLANG_WARN_CONSTANT_CONVERSION = YES;
				CLANG_WARN_DEPRECATED_OBJC_IMPLEMENTATIONS = YES;
				CLANG_WARN_DIRECT_OBJC_ISA_USAGE = YES_ERROR;
				CLANG_WARN_DOCUMENTATION_COMMENTS = YES;
				CLANG_WARN_EMPTY_BODY = YES;
				CLANG_WARN_ENUM_CONVERSION = YES;
				CLANG_WARN_INFINITE_RECURSION = YES;
				CLANG_WARN_INT_CONVERSION = YES;
				CLANG_WARN_NON_LITERAL_NULL_CONVERSION = YES;
				CLANG_WARN_OBJC_IMPLICIT_RETAIN_SELF = YES;
				CLANG_WARN_OBJC_LITERAL_CONVERSION = YES;
				CLANG_WARN_OBJC_ROOT_CLASS = YES_ERROR;
				CLANG_WARN_QUOTED_INCLUDE_IN_FRAMEWORK_HEADER = YES;
				CLANG_WARN_RANGE_LOOP_ANALYSIS = YES;
				CLANG_WARN_STRICT_PROTOTYPES = YES;
				CLANG_WARN_SUSPICIOUS_MOVE = YES;
				CLANG_WARN_UNGUARDED_AVAILABILITY = YES_AGGRESSIVE;
				CLANG_WARN_UNREACHABLE_CODE = YES;
				CLANG_WARN__DUPLICATE_METHOD_MATCH = YES;
				COPY_PHASE_STRIP = NO;
				DEBUG_INFORMATION_FORMAT = dwarf;
				ENABLE_STRICT_OBJC_MSGSEND = YES;
				ENABLE_TESTABILITY = YES;
				GCC_C_LANGUAGE_STANDARD = gnu11;
				GCC_DYNAMIC_NO_PIC = NO;
				GCC_NO_COMMON_BLOCKS = YES;
				GCC_OPTIMIZATION_LEVEL = 0;
				GCC_PREPROCESSOR_DEFINITIONS = (
					"DEBUG=1",
					"$(inherited)",
				);
				GCC_WARN_64_TO_32_BIT_CONVERSION = YES;
				GCC_WARN_ABOUT_RETURN_TYPE = YES_ERROR;
				GCC_WARN_UNDECLARED_SELECTOR = YES;
				GCC_WARN_UNINITIALIZED_AUTOS = YES_AGGRESSIVE;
				GCC_WARN_UNUSED_FUNCTION = YES;
				GCC_WARN_UNUSED_VARIABLE = YES;
				IPHONEOS_DEPLOYMENT_TARGET = 15.4;
				MTL_ENABLE_DEBUG_INFO = INCLUDE_SOURCE;
				MTL_FAST_MATH = YES;
				ONLY_ACTIVE_ARCH = YES;
				SDKROOT = iphoneos;
				SWIFT_ACTIVE_COMPILATION_CONDITIONS = DEBUG;
				SWIFT_OPTIMIZATION_LEVEL = "-Onone";
			};
			name = Debug;
		};
		84A82ED22817D4FC009A78F8 /* Release */ = {
			isa = XCBuildConfiguration;
			buildSettings = {
				ALWAYS_SEARCH_USER_PATHS = NO;
				CLANG_ANALYZER_NONNULL = YES;
				CLANG_ANALYZER_NUMBER_OBJECT_CONVERSION = YES_AGGRESSIVE;
				CLANG_CXX_LANGUAGE_STANDARD = "gnu++17";
				CLANG_ENABLE_MODULES = YES;
				CLANG_ENABLE_OBJC_ARC = YES;
				CLANG_ENABLE_OBJC_WEAK = YES;
				CLANG_WARN_BLOCK_CAPTURE_AUTORELEASING = YES;
				CLANG_WARN_BOOL_CONVERSION = YES;
				CLANG_WARN_COMMA = YES;
				CLANG_WARN_CONSTANT_CONVERSION = YES;
				CLANG_WARN_DEPRECATED_OBJC_IMPLEMENTATIONS = YES;
				CLANG_WARN_DIRECT_OBJC_ISA_USAGE = YES_ERROR;
				CLANG_WARN_DOCUMENTATION_COMMENTS = YES;
				CLANG_WARN_EMPTY_BODY = YES;
				CLANG_WARN_ENUM_CONVERSION = YES;
				CLANG_WARN_INFINITE_RECURSION = YES;
				CLANG_WARN_INT_CONVERSION = YES;
				CLANG_WARN_NON_LITERAL_NULL_CONVERSION = YES;
				CLANG_WARN_OBJC_IMPLICIT_RETAIN_SELF = YES;
				CLANG_WARN_OBJC_LITERAL_CONVERSION = YES;
				CLANG_WARN_OBJC_ROOT_CLASS = YES_ERROR;
				CLANG_WARN_QUOTED_INCLUDE_IN_FRAMEWORK_HEADER = YES;
				CLANG_WARN_RANGE_LOOP_ANALYSIS = YES;
				CLANG_WARN_STRICT_PROTOTYPES = YES;
				CLANG_WARN_SUSPICIOUS_MOVE = YES;
				CLANG_WARN_UNGUARDED_AVAILABILITY = YES_AGGRESSIVE;
				CLANG_WARN_UNREACHABLE_CODE = YES;
				CLANG_WARN__DUPLICATE_METHOD_MATCH = YES;
				COPY_PHASE_STRIP = NO;
				DEBUG_INFORMATION_FORMAT = "dwarf-with-dsym";
				ENABLE_NS_ASSERTIONS = NO;
				ENABLE_STRICT_OBJC_MSGSEND = YES;
				GCC_C_LANGUAGE_STANDARD = gnu11;
				GCC_NO_COMMON_BLOCKS = YES;
				GCC_WARN_64_TO_32_BIT_CONVERSION = YES;
				GCC_WARN_ABOUT_RETURN_TYPE = YES_ERROR;
				GCC_WARN_UNDECLARED_SELECTOR = YES;
				GCC_WARN_UNINITIALIZED_AUTOS = YES_AGGRESSIVE;
				GCC_WARN_UNUSED_FUNCTION = YES;
				GCC_WARN_UNUSED_VARIABLE = YES;
				IPHONEOS_DEPLOYMENT_TARGET = 15.4;
				MTL_ENABLE_DEBUG_INFO = NO;
				MTL_FAST_MATH = YES;
				SDKROOT = iphoneos;
				SWIFT_COMPILATION_MODE = wholemodule;
				SWIFT_OPTIMIZATION_LEVEL = "-O";
				VALIDATE_PRODUCT = YES;
			};
			name = Release;
		};
		84A82ED42817D4FC009A78F8 /* Debug */ = {
			isa = XCBuildConfiguration;
			buildSettings = {
				ASSETCATALOG_COMPILER_APPICON_NAME = AppIcon;
				ASSETCATALOG_COMPILER_GLOBAL_ACCENT_COLOR_NAME = AccentColor;
				CLANG_ENABLE_MODULES = YES;
				CODE_SIGN_STYLE = Automatic;
				CURRENT_PROJECT_VERSION = 1;
				GENERATE_INFOPLIST_FILE = YES;
				INFOPLIST_FILE = SQLite/Info.plist;
				INFOPLIST_KEY_UIApplicationSupportsIndirectInputEvents = YES;
				INFOPLIST_KEY_UILaunchStoryboardName = LaunchScreen;
				INFOPLIST_KEY_UIMainStoryboardFile = Main;
				INFOPLIST_KEY_UISupportedInterfaceOrientations_iPad = "UIInterfaceOrientationPortrait UIInterfaceOrientationPortraitUpsideDown UIInterfaceOrientationLandscapeLeft UIInterfaceOrientationLandscapeRight";
				INFOPLIST_KEY_UISupportedInterfaceOrientations_iPhone = "UIInterfaceOrientationPortrait UIInterfaceOrientationLandscapeLeft UIInterfaceOrientationLandscapeRight";
				LD_RUNPATH_SEARCH_PATHS = (
					"$(inherited)",
					"@executable_path/Frameworks",
				);
				MARKETING_VERSION = 1.0;
				PRODUCT_BUNDLE_IDENTIFIER = anything.SQLite;
				PRODUCT_NAME = "$(TARGET_NAME)";
				SWIFT_EMIT_LOC_STRINGS = YES;
				SWIFT_OBJC_BRIDGING_HEADER = "SQLite/FMDB/SQLite-Bridging-Header.h";
				SWIFT_OPTIMIZATION_LEVEL = "-Onone";
				SWIFT_VERSION = 5.0;
				TARGETED_DEVICE_FAMILY = "1,2";
			};
			name = Debug;
		};
		84A82ED52817D4FC009A78F8 /* Release */ = {
			isa = XCBuildConfiguration;
			buildSettings = {
				ASSETCATALOG_COMPILER_APPICON_NAME = AppIcon;
				ASSETCATALOG_COMPILER_GLOBAL_ACCENT_COLOR_NAME = AccentColor;
				CLANG_ENABLE_MODULES = YES;
				CODE_SIGN_STYLE = Automatic;
				CURRENT_PROJECT_VERSION = 1;
				GENERATE_INFOPLIST_FILE = YES;
				INFOPLIST_FILE = SQLite/Info.plist;
				INFOPLIST_KEY_UIApplicationSupportsIndirectInputEvents = YES;
				INFOPLIST_KEY_UILaunchStoryboardName = LaunchScreen;
				INFOPLIST_KEY_UIMainStoryboardFile = Main;
				INFOPLIST_KEY_UISupportedInterfaceOrientations_iPad = "UIInterfaceOrientationPortrait UIInterfaceOrientationPortraitUpsideDown UIInterfaceOrientationLandscapeLeft UIInterfaceOrientationLandscapeRight";
				INFOPLIST_KEY_UISupportedInterfaceOrientations_iPhone = "UIInterfaceOrientationPortrait UIInterfaceOrientationLandscapeLeft UIInterfaceOrientationLandscapeRight";
				LD_RUNPATH_SEARCH_PATHS = (
					"$(inherited)",
					"@executable_path/Frameworks",
				);
				MARKETING_VERSION = 1.0;
				PRODUCT_BUNDLE_IDENTIFIER = anything.SQLite;
				PRODUCT_NAME = "$(TARGET_NAME)";
				SWIFT_EMIT_LOC_STRINGS = YES;
				SWIFT_OBJC_BRIDGING_HEADER = "SQLite/FMDB/SQLite-Bridging-Header.h";
				SWIFT_VERSION = 5.0;
				TARGETED_DEVICE_FAMILY = "1,2";
			};
			name = Release;
		};
/* End XCBuildConfiguration section */

/* Begin XCConfigurationList section */
		84A82EB72817D4F7009A78F8 /* Build configuration list for PBXProject "SQLite" */ = {
			isa = XCConfigurationList;
			buildConfigurations = (
				84A82ED12817D4FC009A78F8 /* Debug */,
				84A82ED22817D4FC009A78F8 /* Release */,
			);
			defaultConfigurationIsVisible = 0;
			defaultConfigurationName = Release;
		};
		84A82ED32817D4FC009A78F8 /* Build configuration list for PBXNativeTarget "SQLite" */ = {
			isa = XCConfigurationList;
			buildConfigurations = (
				84A82ED42817D4FC009A78F8 /* Debug */,
				84A82ED52817D4FC009A78F8 /* Release */,
			);
			defaultConfigurationIsVisible = 0;
			defaultConfigurationName = Release;
		};
/* End XCConfigurationList section */
	};
	rootObject = 84A82EB42817D4F7009A78F8 /* Project object */;
}
